
Microsoft Visual Studio Solution File, Format Version 12.00
# Visual Studio 15
VisualStudioVersion = 15.0.26430.6
MinimumVisualStudioVersion = 10.0.40219.1
Project("{FAE04EC0-301F-11D3-BF4B-00C04F79EFBC}") = "App1.Android", "App1\App1.Android\App1.Android.csproj", "{6E456AE4-9F91-4678-92B5-3643BEACF279}"
EndProject
Project("{FAE04EC0-301F-11D3-BF4B-00C04F79EFBC}") = "Shared", "App1\App1\Shared.csproj", "{4B865BBD-3EFD-4D45-899B-DA88734054E4}"
EndProject
Project("{FAE04EC0-301F-11D3-BF4B-00C04F79EFBC}") = "App1.iOS", "App1\App1.iOS\App1.iOS.csproj", "{01FE0218-145A-491D-BA1F-F9CE7B8B1929}"
EndProject
Project("{FAE04EC0-301F-11D3-BF4B-00C04F79EFBC}") = "Windows_form", "Windows_form\Windows_form.csproj", "{7EC71BDD-E7BB-46F2-8F92-4F2E01798E9B}"
EndProject
Global
	GlobalSection(SolutionConfigurationPlatforms) = preSolution
		Ad-Hoc|Any CPU = Ad-Hoc|Any CPU
		Ad-Hoc|iPhone = Ad-Hoc|iPhone
		Ad-Hoc|iPhoneSimulator = Ad-Hoc|iPhoneSimulator
		AppStore|Any CPU = AppStore|Any CPU
		AppStore|iPhone = AppStore|iPhone
		AppStore|iPhoneSimulator = AppStore|iPhoneSimulator
		Debug|Any CPU = Debug|Any CPU
		Debug|iPhone = Debug|iPhone
		Debug|iPhoneSimulator = Debug|iPhoneSimulator
		Release|Any CPU = Release|Any CPU
		Release|iPhone = Release|iPhone
		Release|iPhoneSimulator = Release|iPhoneSimulator
	EndGlobalSection
	GlobalSection(ProjectConfigurationPlatforms) = postSolution
		{6E456AE4-9F91-4678-92B5-3643BEACF279}.Ad-Hoc|Any CPU.ActiveCfg = Release|Any CPU
		{6E456AE4-9F91-4678-92B5-3643BEACF279}.Ad-Hoc|Any CPU.Build.0 = Release|Any CPU
		{6E456AE4-9F91-4678-92B5-3643BEACF279}.Ad-Hoc|Any CPU.Deploy.0 = Release|Any CPU
		{6E456AE4-9F91-4678-92B5-3643BEACF279}.Ad-Hoc|iPhone.ActiveCfg = Release|Any CPU
		{6E456AE4-9F91-4678-92B5-3643BEACF279}.Ad-Hoc|iPhone.Build.0 = Release|Any CPU
		{6E456AE4-9F91-4678-92B5-3643BEACF279}.Ad-Hoc|iPhone.Deploy.0 = Release|Any CPU
		{6E456AE4-9F91-4678-92B5-3643BEACF279}.Ad-Hoc|iPhoneSimulator.ActiveCfg = Release|Any CPU
		{6E456AE4-9F91-4678-92B5-3643BEACF279}.Ad-Hoc|iPhoneSimulator.Build.0 = Release|Any CPU
		{6E456AE4-9F91-4678-92B5-3643BEACF279}.Ad-Hoc|iPhoneSimulator.Deploy.0 = Release|Any CPU
		{6E456AE4-9F91-4678-92B5-3643BEACF279}.AppStore|Any CPU.ActiveCfg = Release|Any CPU
		{6E456AE4-9F91-4678-92B5-3643BEACF279}.AppStore|Any CPU.Build.0 = Release|Any CPU
		{6E456AE4-9F91-4678-92B5-3643BEACF279}.AppStore|Any CPU.Deploy.0 = Release|Any CPU
		{6E456AE4-9F91-4678-92B5-3643BEACF279}.AppStore|iPhone.ActiveCfg = Release|Any CPU
		{6E456AE4-9F91-4678-92B5-3643BEACF279}.AppStore|iPhone.Build.0 = Release|Any CPU
		{6E456AE4-9F91-4678-92B5-3643BEACF279}.AppStore|iPhone.Deploy.0 = Release|Any CPU
		{6E456AE4-9F91-4678-92B5-3643BEACF279}.AppStore|iPhoneSimulator.ActiveCfg = Release|Any CPU
		{6E456AE4-9F91-4678-92B5-3643BEACF279}.AppStore|iPhoneSimulator.Build.0 = Release|Any CPU
		{6E456AE4-9F91-4678-92B5-3643BEACF279}.AppStore|iPhoneSimulator.Deploy.0 = Release|Any CPU
		{6E456AE4-9F91-4678-92B5-3643BEACF279}.Debug|Any CPU.ActiveCfg = Debug|Any CPU
		{6E456AE4-9F91-4678-92B5-3643BEACF279}.Debug|Any CPU.Build.0 = Debug|Any CPU
		{6E456AE4-9F91-4678-92B5-3643BEACF279}.Debug|Any CPU.Deploy.0 = Debug|Any CPU
		{6E456AE4-9F91-4678-92B5-3643BEACF279}.Debug|iPhone.ActiveCfg = Debug|Any CPU
		{6E456AE4-9F91-4678-92B5-3643BEACF279}.Debug|iPhone.Build.0 = Debug|Any CPU
		{6E456AE4-9F91-4678-92B5-3643BEACF279}.Debug|iPhone.Deploy.0 = Debug|Any CPU
		{6E456AE4-9F91-4678-92B5-3643BEACF279}.Debug|iPhoneSimulator.ActiveCfg = Debug|Any CPU
		{6E456AE4-9F91-4678-92B5-3643BEACF279}.Debug|iPhoneSimulator.Build.0 = Debug|Any CPU
		{6E456AE4-9F91-4678-92B5-3643BEACF279}.Debug|iPhoneSimulator.Deploy.0 = Debug|Any CPU
		{6E456AE4-9F91-4678-92B5-3643BEACF279}.Release|Any CPU.ActiveCfg = Release|Any CPU
		{6E456AE4-9F91-4678-92B5-3643BEACF279}.Release|Any CPU.Build.0 = Release|Any CPU
		{6E456AE4-9F91-4678-92B5-3643BEACF279}.Release|Any CPU.Deploy.0 = Release|Any CPU
		{6E456AE4-9F91-4678-92B5-3643BEACF279}.Release|iPhone.ActiveCfg = Release|Any CPU
		{6E456AE4-9F91-4678-92B5-3643BEACF279}.Release|iPhone.Build.0 = Release|Any CPU
		{6E456AE4-9F91-4678-92B5-3643BEACF279}.Release|iPhone.Deploy.0 = Release|Any CPU
		{6E456AE4-9F91-4678-92B5-3643BEACF279}.Release|iPhoneSimulator.ActiveCfg = Release|Any CPU
		{6E456AE4-9F91-4678-92B5-3643BEACF279}.Release|iPhoneSimulator.Build.0 = Release|Any CPU
		{6E456AE4-9F91-4678-92B5-3643BEACF279}.Release|iPhoneSimulator.Deploy.0 = Release|Any CPU
		{4B865BBD-3EFD-4D45-899B-DA88734054E4}.Ad-Hoc|Any CPU.ActiveCfg = Release|Any CPU
		{4B865BBD-3EFD-4D45-899B-DA88734054E4}.Ad-Hoc|Any CPU.Build.0 = Release|Any CPU
		{4B865BBD-3EFD-4D45-899B-DA88734054E4}.Ad-Hoc|iPhone.ActiveCfg = Release|Any CPU
		{4B865BBD-3EFD-4D45-899B-DA88734054E4}.Ad-Hoc|iPhone.Build.0 = Release|Any CPU
		{4B865BBD-3EFD-4D45-899B-DA88734054E4}.Ad-Hoc|iPhoneSimulator.ActiveCfg = Release|Any CPU
		{4B865BBD-3EFD-4D45-899B-DA88734054E4}.Ad-Hoc|iPhoneSimulator.Build.0 = Release|Any CPU
		{4B865BBD-3EFD-4D45-899B-DA88734054E4}.AppStore|Any CPU.ActiveCfg = Release|Any CPU
		{4B865BBD-3EFD-4D45-899B-DA88734054E4}.AppStore|Any CPU.Build.0 = Release|Any CPU
		{4B865BBD-3EFD-4D45-899B-DA88734054E4}.AppStore|iPhone.ActiveCfg = Release|Any CPU
		{4B865BBD-3EFD-4D45-899B-DA88734054E4}.AppStore|iPhone.Build.0 = Release|Any CPU
		{4B865BBD-3EFD-4D45-899B-DA88734054E4}.AppStore|iPhoneSimulator.ActiveCfg = Release|Any CPU
		{4B865BBD-3EFD-4D45-899B-DA88734054E4}.AppStore|iPhoneSimulator.Build.0 = Release|Any CPU
		{4B865BBD-3EFD-4D45-899B-DA88734054E4}.Debug|Any CPU.ActiveCfg = Debug|Any CPU
		{4B865BBD-3EFD-4D45-899B-DA88734054E4}.Debug|Any CPU.Build.0 = Debug|Any CPU
		{4B865BBD-3EFD-4D45-899B-DA88734054E4}.Debug|iPhone.ActiveCfg = Debug|Any CPU
		{4B865BBD-3EFD-4D45-899B-DA88734054E4}.Debug|iPhone.Build.0 = Debug|Any CPU
		{4B865BBD-3EFD-4D45-899B-DA88734054E4}.Debug|iPhoneSimulator.ActiveCfg = Debug|Any CPU
		{4B865BBD-3EFD-4D45-899B-DA88734054E4}.Debug|iPhoneSimulator.Build.0 = Debug|Any CPU
		{4B865BBD-3EFD-4D45-899B-DA88734054E4}.Release|Any CPU.ActiveCfg = Release|Any CPU
		{4B865BBD-3EFD-4D45-899B-DA88734054E4}.Release|Any CPU.Build.0 = Release|Any CPU
		{4B865BBD-3EFD-4D45-899B-DA88734054E4}.Release|iPhone.ActiveCfg = Release|Any CPU
		{4B865BBD-3EFD-4D45-899B-DA88734054E4}.Release|iPhone.Build.0 = Release|Any CPU
		{4B865BBD-3EFD-4D45-899B-DA88734054E4}.Release|iPhoneSimulator.ActiveCfg = Release|Any CPU
		{4B865BBD-3EFD-4D45-899B-DA88734054E4}.Release|iPhoneSimulator.Build.0 = Release|Any CPU
		{01FE0218-145A-491D-BA1F-F9CE7B8B1929}.Ad-Hoc|Any CPU.ActiveCfg = Ad-Hoc|iPhone
		{01FE0218-145A-491D-BA1F-F9CE7B8B1929}.Ad-Hoc|iPhone.ActiveCfg = Ad-Hoc|iPhone
		{01FE0218-145A-491D-BA1F-F9CE7B8B1929}.Ad-Hoc|iPhone.Build.0 = Ad-Hoc|iPhone
		{01FE0218-145A-491D-BA1F-F9CE7B8B1929}.Ad-Hoc|iPhoneSimulator.ActiveCfg = Ad-Hoc|iPhoneSimulator
		{01FE0218-145A-491D-BA1F-F9CE7B8B1929}.Ad-Hoc|iPhoneSimulator.Build.0 = Ad-Hoc|iPhoneSimulator
		{01FE0218-145A-491D-BA1F-F9CE7B8B1929}.AppStore|Any CPU.ActiveCfg = AppStore|iPhone
		{01FE0218-145A-491D-BA1F-F9CE7B8B1929}.AppStore|iPhone.ActiveCfg = AppStore|iPhone
		{01FE0218-145A-491D-BA1F-F9CE7B8B1929}.AppStore|iPhone.Build.0 = AppStore|iPhone
		{01FE0218-145A-491D-BA1F-F9CE7B8B1929}.AppStore|iPhoneSimulator.ActiveCfg = AppStore|iPhoneSimulator
		{01FE0218-145A-491D-BA1F-F9CE7B8B1929}.AppStore|iPhoneSimulator.Build.0 = AppStore|iPhoneSimulator
		{01FE0218-145A-491D-BA1F-F9CE7B8B1929}.Debug|Any CPU.ActiveCfg = Debug|iPhone
		{01FE0218-145A-491D-BA1F-F9CE7B8B1929}.Debug|iPhone.ActiveCfg = Debug|iPhone
		{01FE0218-145A-491D-BA1F-F9CE7B8B1929}.Debug|iPhone.Build.0 = Debug|iPhone
		{01FE0218-145A-491D-BA1F-F9CE7B8B1929}.Debug|iPhoneSimulator.ActiveCfg = Debug|iPhoneSimulator
		{01FE0218-145A-491D-BA1F-F9CE7B8B1929}.Debug|iPhoneSimulator.Build.0 = Debug|iPhoneSimulator
		{01FE0218-145A-491D-BA1F-F9CE7B8B1929}.Release|Any CPU.ActiveCfg = Release|iPhone
		{01FE0218-145A-491D-BA1F-F9CE7B8B1929}.Release|iPhone.ActiveCfg = Release|iPhone
		{01FE0218-145A-491D-BA1F-F9CE7B8B1929}.Release|iPhone.Build.0 = Release|iPhone
		{01FE0218-145A-491D-BA1F-F9CE7B8B1929}.Release|iPhoneSimulator.ActiveCfg = Release|iPhoneSimulator
		{01FE0218-145A-491D-BA1F-F9CE7B8B1929}.Release|iPhoneSimulator.Build.0 = Release|iPhoneSimulator
		{7EC71BDD-E7BB-46F2-8F92-4F2E01798E9B}.Ad-Hoc|Any CPU.ActiveCfg = Release|Any CPU
		{7EC71BDD-E7BB-46F2-8F92-4F2E01798E9B}.Ad-Hoc|Any CPU.Build.0 = Release|Any CPU
		{7EC71BDD-E7BB-46F2-8F92-4F2E01798E9B}.Ad-Hoc|iPhone.ActiveCfg = Release|Any CPU
		{7EC71BDD-E7BB-46F2-8F92-4F2E01798E9B}.Ad-Hoc|iPhone.Build.0 = Release|Any CPU
		{7EC71BDD-E7BB-46F2-8F92-4F2E01798E9B}.Ad-Hoc|iPhoneSimulator.ActiveCfg = Release|Any CPU
		{7EC71BDD-E7BB-46F2-8F92-4F2E01798E9B}.Ad-Hoc|iPhoneSimulator.Build.0 = Release|Any CPU
		{7EC71BDD-E7BB-46F2-8F92-4F2E01798E9B}.AppStore|Any CPU.ActiveCfg = Release|Any CPU
		{7EC71BDD-E7BB-46F2-8F92-4F2E01798E9B}.AppStore|Any CPU.Build.0 = Release|Any CPU
		{7EC71BDD-E7BB-46F2-8F92-4F2E01798E9B}.AppStore|iPhone.ActiveCfg = Release|Any CPU
		{7EC71BDD-E7BB-46F2-8F92-4F2E01798E9B}.AppStore|iPhone.Build.0 = Release|Any CPU
		{7EC71BDD-E7BB-46F2-8F92-4F2E01798E9B}.AppStore|iPhoneSimulator.ActiveCfg = Release|Any CPU
		{7EC71BDD-E7BB-46F2-8F92-4F2E01798E9B}.AppStore|iPhoneSimulator.Build.0 = Release|Any CPU
		{7EC71BDD-E7BB-46F2-8F92-4F2E01798E9B}.Debug|Any CPU.ActiveCfg = Debug|Any CPU
		{7EC71BDD-E7BB-46F2-8F92-4F2E01798E9B}.Debug|Any CPU.Build.0 = Debug|Any CPU
		{7EC71BDD-E7BB-46F2-8F92-4F2E01798E9B}.Debug|iPhone.ActiveCfg = Debug|Any CPU
		{7EC71BDD-E7BB-46F2-8F92-4F2E01798E9B}.Debug|iPhone.Build.0 = Debug|Any CPU
		{7EC71BDD-E7BB-46F2-8F92-4F2E01798E9B}.Debug|iPhoneSimulator.ActiveCfg = Debug|Any CPU
		{7EC71BDD-E7BB-46F2-8F92-4F2E01798E9B}.Debug|iPhoneSimulator.Build.0 = Debug|Any CPU
		{7EC71BDD-E7BB-46F2-8F92-4F2E01798E9B}.Release|Any CPU.ActiveCfg = Release|Any CPU
		{7EC71BDD-E7BB-46F2-8F92-4F2E01798E9B}.Release|Any CPU.Build.0 = Release|Any CPU
		{7EC71BDD-E7BB-46F2-8F92-4F2E01798E9B}.Release|iPhone.ActiveCfg = Release|Any CPU
		{7EC71BDD-E7BB-46F2-8F92-4F2E01798E9B}.Release|iPhone.Build.0 = Release|Any CPU
		{7EC71BDD-E7BB-46F2-8F92-4F2E01798E9B}.Release|iPhoneSimulator.ActiveCfg = Release|Any CPU
		{7EC71BDD-E7BB-46F2-8F92-4F2E01798E9B}.Release|iPhoneSimulator.Build.0 = Release|Any CPU
	EndGlobalSection
	GlobalSection(SolutionProperties) = preSolution
		HideSolutionNode = FALSE
	EndGlobalSection
EndGlobal
