
Microsoft Visual Studio Solution File, Format Version 12.00
# Visual Studio 15
VisualStudioVersion = 15.0.26430.6
MinimumVisualStudioVersion = 10.0.40219.1
Project("{FAE04EC0-301F-11D3-BF4B-00C04F79EFBC}") = "WindowsFormsApp", "WindowsFormsApp\WindowsFormsApp.csproj", "{BCF6EA12-575A-4742-9B55-498C9B2B2C67}"
EndProject
Project("{2150E333-8FDC-42A3-9474-1A3956D46DE8}") = "ReadMe", "ReadMe", "{D78430D5-2151-49A0-9CCF-1E4F88C2F8C8}"
	ProjectSection(SolutionItems) = preProject
		ReadMe.txt = ReadMe.txt
	EndProjectSection
EndProject
Project("{FAE04EC0-301F-11D3-BF4B-00C04F79EFBC}") = "ClassLibrary", "ClassLibrary\ClassLibrary.csproj", "{67F9D3A8-F71E-4428-913F-C37AE82CDB24}"
EndProject
Project("{D954291E-2A0B-460D-934E-DC6B0785DB48}") = "Android_app", "Android_app\Android_app\Android_app.shproj", "{583BE901-B448-4206-8CB8-7DFEE9AFD01B}"
EndProject
Project("{FAE04EC0-301F-11D3-BF4B-00C04F79EFBC}") = "Android_app.Android", "Android_app\Android_app.Android\Android_app.Android.csproj", "{E42F0107-37E5-40F2-A3DC-5857B5D4D2A5}"
EndProject
Global
	GlobalSection(SharedMSBuildProjectFiles) = preSolution
		Android_app\Android_app\Android_app.projitems*{583be901-b448-4206-8cb8-7dfee9afd01b}*SharedItemsImports = 13
	EndGlobalSection
	GlobalSection(SolutionConfigurationPlatforms) = preSolution
		Ad-Hoc|Any CPU = Ad-Hoc|Any CPU
		Ad-Hoc|iPhone = Ad-Hoc|iPhone
		Ad-Hoc|iPhoneSimulator = Ad-Hoc|iPhoneSimulator
		AppStore|Any CPU = AppStore|Any CPU
		AppStore|iPhone = AppStore|iPhone
		AppStore|iPhoneSimulator = AppStore|iPhoneSimulator
		Debug|Any CPU = Debug|Any CPU
		Debug|iPhone = Debug|iPhone
		Debug|iPhoneSimulator = Debug|iPhoneSimulator
		Release|Any CPU = Release|Any CPU
		Release|iPhone = Release|iPhone
		Release|iPhoneSimulator = Release|iPhoneSimulator
	EndGlobalSection
	GlobalSection(ProjectConfigurationPlatforms) = postSolution
		{BCF6EA12-575A-4742-9B55-498C9B2B2C67}.Ad-Hoc|Any CPU.ActiveCfg = Release|Any CPU
		{BCF6EA12-575A-4742-9B55-498C9B2B2C67}.Ad-Hoc|Any CPU.Build.0 = Release|Any CPU
		{BCF6EA12-575A-4742-9B55-498C9B2B2C67}.Ad-Hoc|iPhone.ActiveCfg = Release|Any CPU
		{BCF6EA12-575A-4742-9B55-498C9B2B2C67}.Ad-Hoc|iPhone.Build.0 = Release|Any CPU
		{BCF6EA12-575A-4742-9B55-498C9B2B2C67}.Ad-Hoc|iPhoneSimulator.ActiveCfg = Release|Any CPU
		{BCF6EA12-575A-4742-9B55-498C9B2B2C67}.Ad-Hoc|iPhoneSimulator.Build.0 = Release|Any CPU
		{BCF6EA12-575A-4742-9B55-498C9B2B2C67}.AppStore|Any CPU.ActiveCfg = Release|Any CPU
		{BCF6EA12-575A-4742-9B55-498C9B2B2C67}.AppStore|Any CPU.Build.0 = Release|Any CPU
		{BCF6EA12-575A-4742-9B55-498C9B2B2C67}.AppStore|iPhone.ActiveCfg = Release|Any CPU
		{BCF6EA12-575A-4742-9B55-498C9B2B2C67}.AppStore|iPhone.Build.0 = Release|Any CPU
		{BCF6EA12-575A-4742-9B55-498C9B2B2C67}.AppStore|iPhoneSimulator.ActiveCfg = Release|Any CPU
		{BCF6EA12-575A-4742-9B55-498C9B2B2C67}.AppStore|iPhoneSimulator.Build.0 = Release|Any CPU
		{BCF6EA12-575A-4742-9B55-498C9B2B2C67}.Debug|Any CPU.ActiveCfg = Debug|Any CPU
		{BCF6EA12-575A-4742-9B55-498C9B2B2C67}.Debug|Any CPU.Build.0 = Debug|Any CPU
		{BCF6EA12-575A-4742-9B55-498C9B2B2C67}.Debug|iPhone.ActiveCfg = Debug|Any CPU
		{BCF6EA12-575A-4742-9B55-498C9B2B2C67}.Debug|iPhone.Build.0 = Debug|Any CPU
		{BCF6EA12-575A-4742-9B55-498C9B2B2C67}.Debug|iPhoneSimulator.ActiveCfg = Debug|Any CPU
		{BCF6EA12-575A-4742-9B55-498C9B2B2C67}.Debug|iPhoneSimulator.Build.0 = Debug|Any CPU
		{BCF6EA12-575A-4742-9B55-498C9B2B2C67}.Release|Any CPU.ActiveCfg = Release|Any CPU
		{BCF6EA12-575A-4742-9B55-498C9B2B2C67}.Release|Any CPU.Build.0 = Release|Any CPU
		{BCF6EA12-575A-4742-9B55-498C9B2B2C67}.Release|iPhone.ActiveCfg = Release|Any CPU
		{BCF6EA12-575A-4742-9B55-498C9B2B2C67}.Release|iPhone.Build.0 = Release|Any CPU
		{BCF6EA12-575A-4742-9B55-498C9B2B2C67}.Release|iPhoneSimulator.ActiveCfg = Release|Any CPU
		{BCF6EA12-575A-4742-9B55-498C9B2B2C67}.Release|iPhoneSimulator.Build.0 = Release|Any CPU
		{67F9D3A8-F71E-4428-913F-C37AE82CDB24}.Ad-Hoc|Any CPU.ActiveCfg = Release|Any CPU
		{67F9D3A8-F71E-4428-913F-C37AE82CDB24}.Ad-Hoc|Any CPU.Build.0 = Release|Any CPU
		{67F9D3A8-F71E-4428-913F-C37AE82CDB24}.Ad-Hoc|iPhone.ActiveCfg = Release|Any CPU
		{67F9D3A8-F71E-4428-913F-C37AE82CDB24}.Ad-Hoc|iPhone.Build.0 = Release|Any CPU
		{67F9D3A8-F71E-4428-913F-C37AE82CDB24}.Ad-Hoc|iPhoneSimulator.ActiveCfg = Release|Any CPU
		{67F9D3A8-F71E-4428-913F-C37AE82CDB24}.Ad-Hoc|iPhoneSimulator.Build.0 = Release|Any CPU
		{67F9D3A8-F71E-4428-913F-C37AE82CDB24}.AppStore|Any CPU.ActiveCfg = Release|Any CPU
		{67F9D3A8-F71E-4428-913F-C37AE82CDB24}.AppStore|Any CPU.Build.0 = Release|Any CPU
		{67F9D3A8-F71E-4428-913F-C37AE82CDB24}.AppStore|iPhone.ActiveCfg = Release|Any CPU
		{67F9D3A8-F71E-4428-913F-C37AE82CDB24}.AppStore|iPhone.Build.0 = Release|Any CPU
		{67F9D3A8-F71E-4428-913F-C37AE82CDB24}.AppStore|iPhoneSimulator.ActiveCfg = Release|Any CPU
		{67F9D3A8-F71E-4428-913F-C37AE82CDB24}.AppStore|iPhoneSimulator.Build.0 = Release|Any CPU
		{67F9D3A8-F71E-4428-913F-C37AE82CDB24}.Debug|Any CPU.ActiveCfg = Debug|Any CPU
		{67F9D3A8-F71E-4428-913F-C37AE82CDB24}.Debug|Any CPU.Build.0 = Debug|Any CPU
		{67F9D3A8-F71E-4428-913F-C37AE82CDB24}.Debug|iPhone.ActiveCfg = Debug|Any CPU
		{67F9D3A8-F71E-4428-913F-C37AE82CDB24}.Debug|iPhone.Build.0 = Debug|Any CPU
		{67F9D3A8-F71E-4428-913F-C37AE82CDB24}.Debug|iPhoneSimulator.ActiveCfg = Debug|Any CPU
		{67F9D3A8-F71E-4428-913F-C37AE82CDB24}.Debug|iPhoneSimulator.Build.0 = Debug|Any CPU
		{67F9D3A8-F71E-4428-913F-C37AE82CDB24}.Release|Any CPU.ActiveCfg = Release|Any CPU
		{67F9D3A8-F71E-4428-913F-C37AE82CDB24}.Release|Any CPU.Build.0 = Release|Any CPU
		{67F9D3A8-F71E-4428-913F-C37AE82CDB24}.Release|iPhone.ActiveCfg = Release|Any CPU
		{67F9D3A8-F71E-4428-913F-C37AE82CDB24}.Release|iPhone.Build.0 = Release|Any CPU
		{67F9D3A8-F71E-4428-913F-C37AE82CDB24}.Release|iPhoneSimulator.ActiveCfg = Release|Any CPU
		{67F9D3A8-F71E-4428-913F-C37AE82CDB24}.Release|iPhoneSimulator.Build.0 = Release|Any CPU
		{E42F0107-37E5-40F2-A3DC-5857B5D4D2A5}.Ad-Hoc|Any CPU.ActiveCfg = Release|Any CPU
		{E42F0107-37E5-40F2-A3DC-5857B5D4D2A5}.Ad-Hoc|Any CPU.Build.0 = Release|Any CPU
		{E42F0107-37E5-40F2-A3DC-5857B5D4D2A5}.Ad-Hoc|Any CPU.Deploy.0 = Release|Any CPU
		{E42F0107-37E5-40F2-A3DC-5857B5D4D2A5}.Ad-Hoc|iPhone.ActiveCfg = Release|Any CPU
		{E42F0107-37E5-40F2-A3DC-5857B5D4D2A5}.Ad-Hoc|iPhone.Build.0 = Release|Any CPU
		{E42F0107-37E5-40F2-A3DC-5857B5D4D2A5}.Ad-Hoc|iPhone.Deploy.0 = Release|Any CPU
		{E42F0107-37E5-40F2-A3DC-5857B5D4D2A5}.Ad-Hoc|iPhoneSimulator.ActiveCfg = Release|Any CPU
		{E42F0107-37E5-40F2-A3DC-5857B5D4D2A5}.Ad-Hoc|iPhoneSimulator.Build.0 = Release|Any CPU
		{E42F0107-37E5-40F2-A3DC-5857B5D4D2A5}.Ad-Hoc|iPhoneSimulator.Deploy.0 = Release|Any CPU
		{E42F0107-37E5-40F2-A3DC-5857B5D4D2A5}.AppStore|Any CPU.ActiveCfg = Release|Any CPU
		{E42F0107-37E5-40F2-A3DC-5857B5D4D2A5}.AppStore|Any CPU.Build.0 = Release|Any CPU
		{E42F0107-37E5-40F2-A3DC-5857B5D4D2A5}.AppStore|Any CPU.Deploy.0 = Release|Any CPU
		{E42F0107-37E5-40F2-A3DC-5857B5D4D2A5}.AppStore|iPhone.ActiveCfg = Release|Any CPU
		{E42F0107-37E5-40F2-A3DC-5857B5D4D2A5}.AppStore|iPhone.Build.0 = Release|Any CPU
		{E42F0107-37E5-40F2-A3DC-5857B5D4D2A5}.AppStore|iPhone.Deploy.0 = Release|Any CPU
		{E42F0107-37E5-40F2-A3DC-5857B5D4D2A5}.AppStore|iPhoneSimulator.ActiveCfg = Release|Any CPU
		{E42F0107-37E5-40F2-A3DC-5857B5D4D2A5}.AppStore|iPhoneSimulator.Build.0 = Release|Any CPU
		{E42F0107-37E5-40F2-A3DC-5857B5D4D2A5}.AppStore|iPhoneSimulator.Deploy.0 = Release|Any CPU
		{E42F0107-37E5-40F2-A3DC-5857B5D4D2A5}.Debug|Any CPU.ActiveCfg = Debug|Any CPU
		{E42F0107-37E5-40F2-A3DC-5857B5D4D2A5}.Debug|Any CPU.Build.0 = Debug|Any CPU
		{E42F0107-37E5-40F2-A3DC-5857B5D4D2A5}.Debug|Any CPU.Deploy.0 = Debug|Any CPU
		{E42F0107-37E5-40F2-A3DC-5857B5D4D2A5}.Debug|iPhone.ActiveCfg = Debug|Any CPU
		{E42F0107-37E5-40F2-A3DC-5857B5D4D2A5}.Debug|iPhone.Build.0 = Debug|Any CPU
		{E42F0107-37E5-40F2-A3DC-5857B5D4D2A5}.Debug|iPhone.Deploy.0 = Debug|Any CPU
		{E42F0107-37E5-40F2-A3DC-5857B5D4D2A5}.Debug|iPhoneSimulator.ActiveCfg = Debug|Any CPU
		{E42F0107-37E5-40F2-A3DC-5857B5D4D2A5}.Debug|iPhoneSimulator.Build.0 = Debug|Any CPU
		{E42F0107-37E5-40F2-A3DC-5857B5D4D2A5}.Debug|iPhoneSimulator.Deploy.0 = Debug|Any CPU
		{E42F0107-37E5-40F2-A3DC-5857B5D4D2A5}.Release|Any CPU.ActiveCfg = Release|Any CPU
		{E42F0107-37E5-40F2-A3DC-5857B5D4D2A5}.Release|Any CPU.Build.0 = Release|Any CPU
		{E42F0107-37E5-40F2-A3DC-5857B5D4D2A5}.Release|Any CPU.Deploy.0 = Release|Any CPU
		{E42F0107-37E5-40F2-A3DC-5857B5D4D2A5}.Release|iPhone.ActiveCfg = Release|Any CPU
		{E42F0107-37E5-40F2-A3DC-5857B5D4D2A5}.Release|iPhone.Build.0 = Release|Any CPU
		{E42F0107-37E5-40F2-A3DC-5857B5D4D2A5}.Release|iPhone.Deploy.0 = Release|Any CPU
		{E42F0107-37E5-40F2-A3DC-5857B5D4D2A5}.Release|iPhoneSimulator.ActiveCfg = Release|Any CPU
		{E42F0107-37E5-40F2-A3DC-5857B5D4D2A5}.Release|iPhoneSimulator.Build.0 = Release|Any CPU
		{E42F0107-37E5-40F2-A3DC-5857B5D4D2A5}.Release|iPhoneSimulator.Deploy.0 = Release|Any CPU
	EndGlobalSection
	GlobalSection(SolutionProperties) = preSolution
		HideSolutionNode = FALSE
	EndGlobalSection
EndGlobal
