
Microsoft Visual Studio Solution File, Format Version 12.00
# Visual Studio 15
VisualStudioVersion = 15.0.26430.6
MinimumVisualStudioVersion = 10.0.40219.1
Project("{FAE04EC0-301F-11D3-BF4B-00C04F79EFBC}") = "WindowsFormsApp", "WindowsFormsApp\WindowsFormsApp.csproj", "{BCF6EA12-575A-4742-9B55-498C9B2B2C67}"
EndProject
Project("{2150E333-8FDC-42A3-9474-1A3956D46DE8}") = "ReadMe", "ReadMe", "{D78430D5-2151-49A0-9CCF-1E4F88C2F8C8}"
	ProjectSection(SolutionItems) = preProject
		ReadMe.txt = ReadMe.txt
	EndProjectSection
EndProject
Project("{FAE04EC0-301F-11D3-BF4B-00C04F79EFBC}") = "Android", "Android\Android.csproj", "{8E773C6D-6651-4611-9B78-7C07CCE48EFE}"
EndProject
Global
	GlobalSection(SolutionConfigurationPlatforms) = preSolution
		Ad-Hoc|Any CPU = Ad-Hoc|Any CPU
		Ad-Hoc|iPhone = Ad-Hoc|iPhone
		Ad-Hoc|iPhoneSimulator = Ad-Hoc|iPhoneSimulator
		AppStore|Any CPU = AppStore|Any CPU
		AppStore|iPhone = AppStore|iPhone
		AppStore|iPhoneSimulator = AppStore|iPhoneSimulator
		Debug|Any CPU = Debug|Any CPU
		Debug|iPhone = Debug|iPhone
		Debug|iPhoneSimulator = Debug|iPhoneSimulator
		Release|Any CPU = Release|Any CPU
		Release|iPhone = Release|iPhone
		Release|iPhoneSimulator = Release|iPhoneSimulator
	EndGlobalSection
	GlobalSection(ProjectConfigurationPlatforms) = postSolution
		{BCF6EA12-575A-4742-9B55-498C9B2B2C67}.Ad-Hoc|Any CPU.ActiveCfg = Release|Any CPU
		{BCF6EA12-575A-4742-9B55-498C9B2B2C67}.Ad-Hoc|Any CPU.Build.0 = Release|Any CPU
		{BCF6EA12-575A-4742-9B55-498C9B2B2C67}.Ad-Hoc|iPhone.ActiveCfg = Release|Any CPU
		{BCF6EA12-575A-4742-9B55-498C9B2B2C67}.Ad-Hoc|iPhone.Build.0 = Release|Any CPU
		{BCF6EA12-575A-4742-9B55-498C9B2B2C67}.Ad-Hoc|iPhoneSimulator.ActiveCfg = Release|Any CPU
		{BCF6EA12-575A-4742-9B55-498C9B2B2C67}.Ad-Hoc|iPhoneSimulator.Build.0 = Release|Any CPU
		{BCF6EA12-575A-4742-9B55-498C9B2B2C67}.AppStore|Any CPU.ActiveCfg = Release|Any CPU
		{BCF6EA12-575A-4742-9B55-498C9B2B2C67}.AppStore|Any CPU.Build.0 = Release|Any CPU
		{BCF6EA12-575A-4742-9B55-498C9B2B2C67}.AppStore|iPhone.ActiveCfg = Release|Any CPU
		{BCF6EA12-575A-4742-9B55-498C9B2B2C67}.AppStore|iPhone.Build.0 = Release|Any CPU
		{BCF6EA12-575A-4742-9B55-498C9B2B2C67}.AppStore|iPhoneSimulator.ActiveCfg = Release|Any CPU
		{BCF6EA12-575A-4742-9B55-498C9B2B2C67}.AppStore|iPhoneSimulator.Build.0 = Release|Any CPU
		{BCF6EA12-575A-4742-9B55-498C9B2B2C67}.Debug|Any CPU.ActiveCfg = Debug|Any CPU
		{BCF6EA12-575A-4742-9B55-498C9B2B2C67}.Debug|Any CPU.Build.0 = Debug|Any CPU
		{BCF6EA12-575A-4742-9B55-498C9B2B2C67}.Debug|iPhone.ActiveCfg = Debug|Any CPU
		{BCF6EA12-575A-4742-9B55-498C9B2B2C67}.Debug|iPhone.Build.0 = Debug|Any CPU
		{BCF6EA12-575A-4742-9B55-498C9B2B2C67}.Debug|iPhoneSimulator.ActiveCfg = Debug|Any CPU
		{BCF6EA12-575A-4742-9B55-498C9B2B2C67}.Debug|iPhoneSimulator.Build.0 = Debug|Any CPU
		{BCF6EA12-575A-4742-9B55-498C9B2B2C67}.Release|Any CPU.ActiveCfg = Release|Any CPU
		{BCF6EA12-575A-4742-9B55-498C9B2B2C67}.Release|Any CPU.Build.0 = Release|Any CPU
		{BCF6EA12-575A-4742-9B55-498C9B2B2C67}.Release|iPhone.ActiveCfg = Release|Any CPU
		{BCF6EA12-575A-4742-9B55-498C9B2B2C67}.Release|iPhone.Build.0 = Release|Any CPU
		{BCF6EA12-575A-4742-9B55-498C9B2B2C67}.Release|iPhoneSimulator.ActiveCfg = Release|Any CPU
		{BCF6EA12-575A-4742-9B55-498C9B2B2C67}.Release|iPhoneSimulator.Build.0 = Release|Any CPU
		{8E773C6D-6651-4611-9B78-7C07CCE48EFE}.Ad-Hoc|Any CPU.ActiveCfg = Release|Any CPU
		{8E773C6D-6651-4611-9B78-7C07CCE48EFE}.Ad-Hoc|Any CPU.Build.0 = Release|Any CPU
		{8E773C6D-6651-4611-9B78-7C07CCE48EFE}.Ad-Hoc|Any CPU.Deploy.0 = Release|Any CPU
		{8E773C6D-6651-4611-9B78-7C07CCE48EFE}.Ad-Hoc|iPhone.ActiveCfg = Release|Any CPU
		{8E773C6D-6651-4611-9B78-7C07CCE48EFE}.Ad-Hoc|iPhone.Build.0 = Release|Any CPU
		{8E773C6D-6651-4611-9B78-7C07CCE48EFE}.Ad-Hoc|iPhone.Deploy.0 = Release|Any CPU
		{8E773C6D-6651-4611-9B78-7C07CCE48EFE}.Ad-Hoc|iPhoneSimulator.ActiveCfg = Release|Any CPU
		{8E773C6D-6651-4611-9B78-7C07CCE48EFE}.Ad-Hoc|iPhoneSimulator.Build.0 = Release|Any CPU
		{8E773C6D-6651-4611-9B78-7C07CCE48EFE}.Ad-Hoc|iPhoneSimulator.Deploy.0 = Release|Any CPU
		{8E773C6D-6651-4611-9B78-7C07CCE48EFE}.AppStore|Any CPU.ActiveCfg = Release|Any CPU
		{8E773C6D-6651-4611-9B78-7C07CCE48EFE}.AppStore|Any CPU.Build.0 = Release|Any CPU
		{8E773C6D-6651-4611-9B78-7C07CCE48EFE}.AppStore|Any CPU.Deploy.0 = Release|Any CPU
		{8E773C6D-6651-4611-9B78-7C07CCE48EFE}.AppStore|iPhone.ActiveCfg = Release|Any CPU
		{8E773C6D-6651-4611-9B78-7C07CCE48EFE}.AppStore|iPhone.Build.0 = Release|Any CPU
		{8E773C6D-6651-4611-9B78-7C07CCE48EFE}.AppStore|iPhone.Deploy.0 = Release|Any CPU
		{8E773C6D-6651-4611-9B78-7C07CCE48EFE}.AppStore|iPhoneSimulator.ActiveCfg = Release|Any CPU
		{8E773C6D-6651-4611-9B78-7C07CCE48EFE}.AppStore|iPhoneSimulator.Build.0 = Release|Any CPU
		{8E773C6D-6651-4611-9B78-7C07CCE48EFE}.AppStore|iPhoneSimulator.Deploy.0 = Release|Any CPU
		{8E773C6D-6651-4611-9B78-7C07CCE48EFE}.Debug|Any CPU.ActiveCfg = Debug|Any CPU
		{8E773C6D-6651-4611-9B78-7C07CCE48EFE}.Debug|Any CPU.Build.0 = Debug|Any CPU
		{8E773C6D-6651-4611-9B78-7C07CCE48EFE}.Debug|Any CPU.Deploy.0 = Debug|Any CPU
		{8E773C6D-6651-4611-9B78-7C07CCE48EFE}.Debug|iPhone.ActiveCfg = Debug|Any CPU
		{8E773C6D-6651-4611-9B78-7C07CCE48EFE}.Debug|iPhone.Build.0 = Debug|Any CPU
		{8E773C6D-6651-4611-9B78-7C07CCE48EFE}.Debug|iPhone.Deploy.0 = Debug|Any CPU
		{8E773C6D-6651-4611-9B78-7C07CCE48EFE}.Debug|iPhoneSimulator.ActiveCfg = Debug|Any CPU
		{8E773C6D-6651-4611-9B78-7C07CCE48EFE}.Debug|iPhoneSimulator.Build.0 = Debug|Any CPU
		{8E773C6D-6651-4611-9B78-7C07CCE48EFE}.Debug|iPhoneSimulator.Deploy.0 = Debug|Any CPU
		{8E773C6D-6651-4611-9B78-7C07CCE48EFE}.Release|Any CPU.ActiveCfg = Release|Any CPU
		{8E773C6D-6651-4611-9B78-7C07CCE48EFE}.Release|Any CPU.Build.0 = Release|Any CPU
		{8E773C6D-6651-4611-9B78-7C07CCE48EFE}.Release|Any CPU.Deploy.0 = Release|Any CPU
		{8E773C6D-6651-4611-9B78-7C07CCE48EFE}.Release|iPhone.ActiveCfg = Release|Any CPU
		{8E773C6D-6651-4611-9B78-7C07CCE48EFE}.Release|iPhone.Build.0 = Release|Any CPU
		{8E773C6D-6651-4611-9B78-7C07CCE48EFE}.Release|iPhone.Deploy.0 = Release|Any CPU
		{8E773C6D-6651-4611-9B78-7C07CCE48EFE}.Release|iPhoneSimulator.ActiveCfg = Release|Any CPU
		{8E773C6D-6651-4611-9B78-7C07CCE48EFE}.Release|iPhoneSimulator.Build.0 = Release|Any CPU
		{8E773C6D-6651-4611-9B78-7C07CCE48EFE}.Release|iPhoneSimulator.Deploy.0 = Release|Any CPU
	EndGlobalSection
	GlobalSection(SolutionProperties) = preSolution
		HideSolutionNode = FALSE
	EndGlobalSection
EndGlobal
