
Microsoft Visual Studio Solution File, Format Version 12.00
# Visual Studio 15
VisualStudioVersion = 15.0.26430.6
MinimumVisualStudioVersion = 10.0.40219.1
Project("{FAE04EC0-301F-11D3-BF4B-00C04F79EFBC}") = "WindowsFormsApp", "WindowsFormsApp\WindowsFormsApp.csproj", "{BCF6EA12-575A-4742-9B55-498C9B2B2C67}"
EndProject
Project("{2150E333-8FDC-42A3-9474-1A3956D46DE8}") = "ReadMe", "ReadMe", "{D78430D5-2151-49A0-9CCF-1E4F88C2F8C8}"
	ProjectSection(SolutionItems) = preProject
		ReadMe.txt = ReadMe.txt
	EndProjectSection
EndProject
Project("{D954291E-2A0B-460D-934E-DC6B0785DB48}") = "App", "App\App\App.shproj", "{80AEDA08-E4BC-42BE-B5B1-A90B67D2F299}"
EndProject
Project("{FAE04EC0-301F-11D3-BF4B-00C04F79EFBC}") = "App.Android", "App\App.Android\App.Android.csproj", "{824DB546-3131-4609-BFB6-7E46DC339369}"
EndProject
Global
	GlobalSection(SharedMSBuildProjectFiles) = preSolution
		App\App\App.projitems*{80aeda08-e4bc-42be-b5b1-a90b67d2f299}*SharedItemsImports = 13
		App\App\App.projitems*{824db546-3131-4609-bfb6-7e46dc339369}*SharedItemsImports = 4
	EndGlobalSection
	GlobalSection(SolutionConfigurationPlatforms) = preSolution
		Ad-Hoc|Any CPU = Ad-Hoc|Any CPU
		Ad-Hoc|iPhone = Ad-Hoc|iPhone
		Ad-Hoc|iPhoneSimulator = Ad-Hoc|iPhoneSimulator
		AppStore|Any CPU = AppStore|Any CPU
		AppStore|iPhone = AppStore|iPhone
		AppStore|iPhoneSimulator = AppStore|iPhoneSimulator
		Debug|Any CPU = Debug|Any CPU
		Debug|iPhone = Debug|iPhone
		Debug|iPhoneSimulator = Debug|iPhoneSimulator
		Release|Any CPU = Release|Any CPU
		Release|iPhone = Release|iPhone
		Release|iPhoneSimulator = Release|iPhoneSimulator
	EndGlobalSection
	GlobalSection(ProjectConfigurationPlatforms) = postSolution
		{BCF6EA12-575A-4742-9B55-498C9B2B2C67}.Ad-Hoc|Any CPU.ActiveCfg = Release|Any CPU
		{BCF6EA12-575A-4742-9B55-498C9B2B2C67}.Ad-Hoc|Any CPU.Build.0 = Release|Any CPU
		{BCF6EA12-575A-4742-9B55-498C9B2B2C67}.Ad-Hoc|iPhone.ActiveCfg = Release|Any CPU
		{BCF6EA12-575A-4742-9B55-498C9B2B2C67}.Ad-Hoc|iPhone.Build.0 = Release|Any CPU
		{BCF6EA12-575A-4742-9B55-498C9B2B2C67}.Ad-Hoc|iPhoneSimulator.ActiveCfg = Release|Any CPU
		{BCF6EA12-575A-4742-9B55-498C9B2B2C67}.Ad-Hoc|iPhoneSimulator.Build.0 = Release|Any CPU
		{BCF6EA12-575A-4742-9B55-498C9B2B2C67}.AppStore|Any CPU.ActiveCfg = Release|Any CPU
		{BCF6EA12-575A-4742-9B55-498C9B2B2C67}.AppStore|Any CPU.Build.0 = Release|Any CPU
		{BCF6EA12-575A-4742-9B55-498C9B2B2C67}.AppStore|iPhone.ActiveCfg = Release|Any CPU
		{BCF6EA12-575A-4742-9B55-498C9B2B2C67}.AppStore|iPhone.Build.0 = Release|Any CPU
		{BCF6EA12-575A-4742-9B55-498C9B2B2C67}.AppStore|iPhoneSimulator.ActiveCfg = Release|Any CPU
		{BCF6EA12-575A-4742-9B55-498C9B2B2C67}.AppStore|iPhoneSimulator.Build.0 = Release|Any CPU
		{BCF6EA12-575A-4742-9B55-498C9B2B2C67}.Debug|Any CPU.ActiveCfg = Debug|Any CPU
		{BCF6EA12-575A-4742-9B55-498C9B2B2C67}.Debug|Any CPU.Build.0 = Debug|Any CPU
		{BCF6EA12-575A-4742-9B55-498C9B2B2C67}.Debug|iPhone.ActiveCfg = Debug|Any CPU
		{BCF6EA12-575A-4742-9B55-498C9B2B2C67}.Debug|iPhone.Build.0 = Debug|Any CPU
		{BCF6EA12-575A-4742-9B55-498C9B2B2C67}.Debug|iPhoneSimulator.ActiveCfg = Debug|Any CPU
		{BCF6EA12-575A-4742-9B55-498C9B2B2C67}.Debug|iPhoneSimulator.Build.0 = Debug|Any CPU
		{BCF6EA12-575A-4742-9B55-498C9B2B2C67}.Release|Any CPU.ActiveCfg = Release|Any CPU
		{BCF6EA12-575A-4742-9B55-498C9B2B2C67}.Release|Any CPU.Build.0 = Release|Any CPU
		{BCF6EA12-575A-4742-9B55-498C9B2B2C67}.Release|iPhone.ActiveCfg = Release|Any CPU
		{BCF6EA12-575A-4742-9B55-498C9B2B2C67}.Release|iPhone.Build.0 = Release|Any CPU
		{BCF6EA12-575A-4742-9B55-498C9B2B2C67}.Release|iPhoneSimulator.ActiveCfg = Release|Any CPU
		{BCF6EA12-575A-4742-9B55-498C9B2B2C67}.Release|iPhoneSimulator.Build.0 = Release|Any CPU
		{824DB546-3131-4609-BFB6-7E46DC339369}.Ad-Hoc|Any CPU.ActiveCfg = Release|Any CPU
		{824DB546-3131-4609-BFB6-7E46DC339369}.Ad-Hoc|Any CPU.Build.0 = Release|Any CPU
		{824DB546-3131-4609-BFB6-7E46DC339369}.Ad-Hoc|Any CPU.Deploy.0 = Release|Any CPU
		{824DB546-3131-4609-BFB6-7E46DC339369}.Ad-Hoc|iPhone.ActiveCfg = Release|Any CPU
		{824DB546-3131-4609-BFB6-7E46DC339369}.Ad-Hoc|iPhone.Build.0 = Release|Any CPU
		{824DB546-3131-4609-BFB6-7E46DC339369}.Ad-Hoc|iPhone.Deploy.0 = Release|Any CPU
		{824DB546-3131-4609-BFB6-7E46DC339369}.Ad-Hoc|iPhoneSimulator.ActiveCfg = Release|Any CPU
		{824DB546-3131-4609-BFB6-7E46DC339369}.Ad-Hoc|iPhoneSimulator.Build.0 = Release|Any CPU
		{824DB546-3131-4609-BFB6-7E46DC339369}.Ad-Hoc|iPhoneSimulator.Deploy.0 = Release|Any CPU
		{824DB546-3131-4609-BFB6-7E46DC339369}.AppStore|Any CPU.ActiveCfg = Release|Any CPU
		{824DB546-3131-4609-BFB6-7E46DC339369}.AppStore|Any CPU.Build.0 = Release|Any CPU
		{824DB546-3131-4609-BFB6-7E46DC339369}.AppStore|Any CPU.Deploy.0 = Release|Any CPU
		{824DB546-3131-4609-BFB6-7E46DC339369}.AppStore|iPhone.ActiveCfg = Release|Any CPU
		{824DB546-3131-4609-BFB6-7E46DC339369}.AppStore|iPhone.Build.0 = Release|Any CPU
		{824DB546-3131-4609-BFB6-7E46DC339369}.AppStore|iPhone.Deploy.0 = Release|Any CPU
		{824DB546-3131-4609-BFB6-7E46DC339369}.AppStore|iPhoneSimulator.ActiveCfg = Release|Any CPU
		{824DB546-3131-4609-BFB6-7E46DC339369}.AppStore|iPhoneSimulator.Build.0 = Release|Any CPU
		{824DB546-3131-4609-BFB6-7E46DC339369}.AppStore|iPhoneSimulator.Deploy.0 = Release|Any CPU
		{824DB546-3131-4609-BFB6-7E46DC339369}.Debug|Any CPU.ActiveCfg = Debug|Any CPU
		{824DB546-3131-4609-BFB6-7E46DC339369}.Debug|Any CPU.Build.0 = Debug|Any CPU
		{824DB546-3131-4609-BFB6-7E46DC339369}.Debug|Any CPU.Deploy.0 = Debug|Any CPU
		{824DB546-3131-4609-BFB6-7E46DC339369}.Debug|iPhone.ActiveCfg = Debug|Any CPU
		{824DB546-3131-4609-BFB6-7E46DC339369}.Debug|iPhone.Build.0 = Debug|Any CPU
		{824DB546-3131-4609-BFB6-7E46DC339369}.Debug|iPhone.Deploy.0 = Debug|Any CPU
		{824DB546-3131-4609-BFB6-7E46DC339369}.Debug|iPhoneSimulator.ActiveCfg = Debug|Any CPU
		{824DB546-3131-4609-BFB6-7E46DC339369}.Debug|iPhoneSimulator.Build.0 = Debug|Any CPU
		{824DB546-3131-4609-BFB6-7E46DC339369}.Debug|iPhoneSimulator.Deploy.0 = Debug|Any CPU
		{824DB546-3131-4609-BFB6-7E46DC339369}.Release|Any CPU.ActiveCfg = Release|Any CPU
		{824DB546-3131-4609-BFB6-7E46DC339369}.Release|Any CPU.Build.0 = Release|Any CPU
		{824DB546-3131-4609-BFB6-7E46DC339369}.Release|Any CPU.Deploy.0 = Release|Any CPU
		{824DB546-3131-4609-BFB6-7E46DC339369}.Release|iPhone.ActiveCfg = Release|Any CPU
		{824DB546-3131-4609-BFB6-7E46DC339369}.Release|iPhone.Build.0 = Release|Any CPU
		{824DB546-3131-4609-BFB6-7E46DC339369}.Release|iPhone.Deploy.0 = Release|Any CPU
		{824DB546-3131-4609-BFB6-7E46DC339369}.Release|iPhoneSimulator.ActiveCfg = Release|Any CPU
		{824DB546-3131-4609-BFB6-7E46DC339369}.Release|iPhoneSimulator.Build.0 = Release|Any CPU
		{824DB546-3131-4609-BFB6-7E46DC339369}.Release|iPhoneSimulator.Deploy.0 = Release|Any CPU
	EndGlobalSection
	GlobalSection(SolutionProperties) = preSolution
		HideSolutionNode = FALSE
	EndGlobalSection
EndGlobal
